<?xml version="1.0" encoding="utf-8"?>
<Project ToolsVersion="4.0" xmlns="http://schemas.microsoft.com/developer/msbuild/2003">
  <ItemGroup>
    <Filter Include="Header Files">
      <UniqueIdentifier>{93995380-89BD-4b04-88EB-625FBE52EBFB}</UniqueIdentifier>
      <Extensions>h;hh;hpp;hxx;hm;inl;inc;xsd</Extensions>
    </Filter>
    <Filter Include="Resource Files">
      <UniqueIdentifier>{D9D6E242-F8AF-46E4-B9FD-80ECBC20BA3E}</UniqueIdentifier>
      <Extensions>qrc;*</Extensions>
      <ParseFiles>false</ParseFiles>
    </Filter>
    <Filter Include="Form Files">
      <UniqueIdentifier>{99349809-55BA-4b9d-BF79-8FDBB0286EB3}</UniqueIdentifier>
      <Extensions>ui</Extensions>
    </Filter>
    <Filter Include="Resource Files">
      <UniqueIdentifier>{D9D6E242-F8AF-46E4-B9FD-80ECBC20BA3E}</UniqueIdentifier>
      <Extensions>qrc;*</Extensions>
      <ParseFiles>false</ParseFiles>
    </Filter>
    <Filter Include="Source Files">
      <UniqueIdentifier>{4FC737F1-C7A5-4376-A066-2A32D752A2FF}</UniqueIdentifier>
      <Extensions>cpp;c;cc;cxx;def;odl;idl;hpj;bat;asm;asmx</Extensions>
    </Filter>
    <Filter Include="Header Files\Communication">
      <UniqueIdentifier>{192d826c-8a93-463a-bdd6-ba4b4c638f9a}</UniqueIdentifier>
    </Filter>
    <Filter Include="Source Files\Communication">
      <UniqueIdentifier>{f6259179-0af7-423f-941f-8bbe5e0ad95c}</UniqueIdentifier>
    </Filter>
    <Filter Include="Header Files\Rtklib">
      <UniqueIdentifier>{b1274570-c49f-4699-84a6-e3ed0784623a}</UniqueIdentifier>
    </Filter>
    <Filter Include="Source Files\Rtklib">
      <UniqueIdentifier>{a6c5a54f-313c-4b7b-86f2-6d08db8b28ad}</UniqueIdentifier>
    </Filter>
    <Filter Include="Header Files\PVT">
      <UniqueIdentifier>{2c8ad09a-c99e-42da-9380-5ee5df4b9240}</UniqueIdentifier>
    </Filter>
    <Filter Include="Source Files\PVT">
      <UniqueIdentifier>{a1d6afb1-d8f4-4eb4-ba03-e82f180b8c69}</UniqueIdentifier>
    </Filter>
    <Filter Include="Header Files\Platform">
      <UniqueIdentifier>{ed6949e2-abc2-4fbf-9231-87a5ad0a8c96}</UniqueIdentifier>
    </Filter>
  </ItemGroup>
  <ItemGroup>
    <ClCompile Include="main.cpp">
      <Filter>Source Files</Filter>
    </ClCompile>
    <ClCompile Include="MainWindow.cpp">
      <Filter>Source Files</Filter>
    </ClCompile>
    <ClCompile Include="DialogStation.cpp">
      <Filter>Source Files</Filter>
    </ClCompile>
    <ClCompile Include="stdafx.cpp">
      <Filter>Source Files</Filter>
    </ClCompile>
    <ClCompile Include="Communication\NtripSocket.cpp">
      <Filter>Source Files\Communication</Filter>
    </ClCompile>
    <ClCompile Include="EBAS_V_UI_R.cpp">
      <Filter>Source Files</Filter>
    </ClCompile>
    <ClCompile Include="Communication\NtripClient.cpp">
      <Filter>Source Files\Communication</Filter>
    </ClCompile>
    <ClCompile Include="PVT\assitFunc4Bin.c">
      <Filter>Source Files\PVT</Filter>
    </ClCompile>
    <ClCompile Include="PVT\bititemproc.c">
      <Filter>Source Files\PVT</Filter>
    </ClCompile>
    <ClCompile Include="PVT\CalcSvPVT.c">
      <Filter>Source Files\PVT</Filter>
    </ClCompile>
    <ClCompile Include="PVT\cfgpara.c">
      <Filter>Source Files\PVT</Filter>
    </ClCompile>
    <ClCompile Include="PVT\constdef.c">
      <Filter>Source Files\PVT</Filter>
    </ClCompile>
    <ClCompile Include="PVT\coordinate.c">
      <Filter>Source Files\PVT</Filter>
    </ClCompile>
    <ClCompile Include="PVT\FrameDecode.c">
      <Filter>Source Files\PVT</Filter>
    </ClCompile>
    <ClCompile Include="PVT\global.c">
      <Filter>Source Files\PVT</Filter>
    </ClCompile>
    <ClCompile Include="PVT\hcp.c">
      <Filter>Source Files\PVT</Filter>
    </ClCompile>
    <ClCompile Include="PVT\KfPVT.c">
      <Filter>Source Files\PVT</Filter>
    </ClCompile>
    <ClCompile Include="PVT\LsPVT.c">
      <Filter>Source Files\PVT</Filter>
    </ClCompile>
    <ClCompile Include="PVT\matrix.c">
      <Filter>Source Files\PVT</Filter>
    </ClCompile>
    <ClCompile Include="PVT\nmea0183.c">
      <Filter>Source Files\PVT</Filter>
    </ClCompile>
    <ClCompile Include="PVT\novatel.c">
      <Filter>Source Files\PVT</Filter>
    </ClCompile>
    <ClCompile Include="PVT\PostProc.c">
      <Filter>Source Files\PVT</Filter>
    </ClCompile>
    <ClCompile Include="PVT\pvt.c">
      <Filter>Source Files\PVT</Filter>
    </ClCompile>
    <ClCompile Include="PVT\PVTRcvrInfo.c">
      <Filter>Source Files\PVT</Filter>
    </ClCompile>
    <ClCompile Include="PVT\rtcm3entrytbl.c">
      <Filter>Source Files\PVT</Filter>
    </ClCompile>
    <ClCompile Include="PVT\rtcm3handle.c">
      <Filter>Source Files\PVT</Filter>
    </ClCompile>
    <ClCompile Include="PVT\rtcm3proc.c">
      <Filter>Source Files\PVT</Filter>
    </ClCompile>
    <ClCompile Include="PVT\RTDKF.c">
      <Filter>Source Files\PVT</Filter>
    </ClCompile>
    <ClCompile Include="PVT\rtk.c">
      <Filter>Source Files\PVT</Filter>
    </ClCompile>
    <ClCompile Include="PVT\RTKCalBaseline.c">
      <Filter>Source Files\PVT</Filter>
    </ClCompile>
    <ClCompile Include="PVT\RTKLAMBDA.c">
      <Filter>Source Files\PVT</Filter>
    </ClCompile>
    <ClCompile Include="PVT\RTKTools.c">
      <Filter>Source Files\PVT</Filter>
    </ClCompile>
    <ClCompile Include="PVT\TimeProc.c">
      <Filter>Source Files\PVT</Filter>
    </ClCompile>
    <ClCompile Include="DialogMenuNetSet.cpp">
      <Filter>Source Files</Filter>
    </ClCompile>
    <ClCompile Include="msql.cpp">
      <Filter>Source Files</Filter>
    </ClCompile>
    <ClCompile Include="DialogStationSiteAdd.cpp">
      <Filter>Source Files</Filter>
    </ClCompile>
    <ClCompile Include="DialogStationNetAdd.cpp">
      <Filter>Source Files</Filter>
    </ClCompile>
    <ClCompile Include="globalfunc.cpp">
      <Filter>Source Files</Filter>
    </ClCompile>
  </ItemGroup>
  <ItemGroup>
    <QtMoc Include="MainWindow.h">
      <Filter>Header Files</Filter>
    </QtMoc>
    <QtMoc Include="DialogStation.h">
      <Filter>Header Files</Filter>
    </QtMoc>
    <QtMoc Include="EBAS_V_UI_R.h">
      <Filter>Header Files</Filter>
    </QtMoc>
    <QtMoc Include="msql.h">
      <Filter>Header Files</Filter>
    </QtMoc>
    <QtMoc Include="DialogStationSiteAdd.h">
      <Filter>Header Files</Filter>
    </QtMoc>
    <QtMoc Include="DialogStationNetAdd.h">
      <Filter>Header Files</Filter>
    </QtMoc>
    <QtMoc Include="DialogMenuDBSet.h">
      <Filter>Header Files</Filter>
    </QtMoc>
  </ItemGroup>
  <ItemGroup>
    <QtUic Include="MainWindow.ui">
      <Filter>Form Files</Filter>
    </QtUic>
    <QtUic Include="DialogStation.ui">
      <Filter>Form Files</Filter>
    </QtUic>
    <QtUic Include="DialogStationSiteAdd.ui">
      <Filter>Form Files</Filter>
    </QtUic>
    <QtUic Include="DialogStationNetAdd.ui">
      <Filter>Form Files</Filter>
    </QtUic>
    <QtUic Include="DialogMenuDBSet.ui">
      <Filter>Form Files</Filter>
    </QtUic>
  </ItemGroup>
  <ItemGroup>
    <QtRcc Include="MainWindow.qrc">
      <Filter>Resource Files</Filter>
    </QtRcc>
  </ItemGroup>
  <ItemGroup>
    <ClInclude Include="stdafx.h">
      <Filter>Header Files</Filter>
    </ClInclude>
    <ClInclude Include="targetver.h">
      <Filter>Header Files</Filter>
    </ClInclude>
    <ClInclude Include="Communication\NtripSocket.h">
      <Filter>Header Files\Communication</Filter>
    </ClInclude>
    <ClInclude Include="Nrtk\rtklib.h">
      <Filter>Header Files\Rtklib</Filter>
    </ClInclude>
    <ClInclude Include="Communication\NtripClient.h">
      <Filter>Header Files\Communication</Filter>
    </ClInclude>
    <ClInclude Include="Nrtk\GPS.H">
      <Filter>Header Files\Rtklib</Filter>
    </ClInclude>
    <ClInclude Include="Nrtk\GPSmodel.h">
      <Filter>Header Files\Rtklib</Filter>
    </ClInclude>
    <ClInclude Include="PVT\assitFunc4Bin.h">
      <Filter>Header Files\PVT</Filter>
    </ClInclude>
    <ClInclude Include="PVT\bititemproc.h">
      <Filter>Header Files\PVT</Filter>
    </ClInclude>
    <ClInclude Include="PVT\CalcSvPVT.h">
      <Filter>Header Files\PVT</Filter>
    </ClInclude>
    <ClInclude Include="PVT\cfgpara.h">
      <Filter>Header Files\PVT</Filter>
    </ClInclude>
    <ClInclude Include="PVT\constdef.h">
      <Filter>Header Files\PVT</Filter>
    </ClInclude>
    <ClInclude Include="PVT\coordinate.h">
      <Filter>Header Files\PVT</Filter>
    </ClInclude>
    <ClInclude Include="PVT\define.h">
      <Filter>Header Files\PVT</Filter>
    </ClInclude>
    <ClInclude Include="PVT\FrameDecode.h">
      <Filter>Header Files\PVT</Filter>
    </ClInclude>
    <ClInclude Include="PVT\FrameSync.h">
      <Filter>Header Files\PVT</Filter>
    </ClInclude>
    <ClInclude Include="PVT\global.h">
      <Filter>Header Files\PVT</Filter>
    </ClInclude>
    <ClInclude Include="PVT\hcp.h">
      <Filter>Header Files\PVT</Filter>
    </ClInclude>
    <ClInclude Include="PVT\hwaasic.h">
      <Filter>Header Files\PVT</Filter>
    </ClInclude>
    <ClInclude Include="PVT\KfPVT.h">
      <Filter>Header Files\PVT</Filter>
    </ClInclude>
    <ClInclude Include="PVT\LsPVT.h">
      <Filter>Header Files\PVT</Filter>
    </ClInclude>
    <ClInclude Include="PVT\matrix.h">
      <Filter>Header Files\PVT</Filter>
    </ClInclude>
    <ClInclude Include="PVT\nmea0183.h">
      <Filter>Header Files\PVT</Filter>
    </ClInclude>
    <ClInclude Include="PVT\nmeaext.h">
      <Filter>Header Files\PVT</Filter>
    </ClInclude>
    <ClInclude Include="PVT\novatel.h">
      <Filter>Header Files\PVT</Filter>
    </ClInclude>
    <ClInclude Include="PVT\PostProc.h">
      <Filter>Header Files\PVT</Filter>
    </ClInclude>
    <ClInclude Include="PVT\pvt.h">
      <Filter>Header Files\PVT</Filter>
    </ClInclude>
    <ClInclude Include="PVT\PVTRcvrInfo.h">
      <Filter>Header Files\PVT</Filter>
    </ClInclude>
    <ClInclude Include="PVT\rtcm3.h">
      <Filter>Header Files\PVT</Filter>
    </ClInclude>
    <ClInclude Include="PVT\RTDKF.h">
      <Filter>Header Files\PVT</Filter>
    </ClInclude>
    <ClInclude Include="PVT\rtk.h">
      <Filter>Header Files\PVT</Filter>
    </ClInclude>
    <ClInclude Include="PVT\RTKCalBaseline.h">
      <Filter>Header Files\PVT</Filter>
    </ClInclude>
    <ClInclude Include="PVT\RTKConstants.h">
      <Filter>Header Files\PVT</Filter>
    </ClInclude>
    <ClInclude Include="PVT\RTKLAMBDA.h">
      <Filter>Header Files\PVT</Filter>
    </ClInclude>
    <ClInclude Include="PVT\RTKTools.h">
      <Filter>Header Files\PVT</Filter>
    </ClInclude>
    <ClInclude Include="PVT\TimeProc.h">
      <Filter>Header Files\PVT</Filter>
    </ClInclude>
    <ClInclude Include="PVT\typedefine.h">
      <Filter>Header Files\PVT</Filter>
    </ClInclude>
    <ClInclude Include="PVT\UpdateInfo.h">
      <Filter>Header Files\PVT</Filter>
    </ClInclude>
    <ClInclude Include="globalfunc.h">
      <Filter>Header Files</Filter>
    </ClInclude>
    <ClInclude Include="Platform\utf8.h">
      <Filter>Header Files\Platform</Filter>
    </ClInclude>
  </ItemGroup>
</Project>